// !$*UTF8*$!
{
	archiveVersion = 1;
	classes = {
	};
	objectVersion = 46;
	objects = {

/* Begin PBXBuildFile section */
		682531D41F62453D00B76250 /* AppDelegate.swift in Sources */ = {isa = PBXBuildFile; fileRef = 682531D31F62453D00B76250 /* AppDelegate.swift */; };
		682531D91F62453D00B76250 /* Main.storyboard in Resources */ = {isa = PBXBuildFile; fileRef = 682531D71F62453D00B76250 /* Main.storyboard */; };
		682531DB1F62453D00B76250 /* Assets.xcassets in Resources */ = {isa = PBXBuildFile; fileRef = 682531DA1F62453D00B76250 /* Assets.xcassets */; };
		682531DE1F62453D00B76250 /* LaunchScreen.storyboard in Resources */ = {isa = PBXBuildFile; fileRef = 682531DC1F62453D00B76250 /* LaunchScreen.storyboard */; };
		682531E91F62453D00B76250 /* Protocol_SwiftTests.swift in Sources */ = {isa = PBXBuildFile; fileRef = 682531E81F62453D00B76250 /* Protocol_SwiftTests.swift */; };
		682531F41F62453D00B76250 /* Protocol_SwiftUITests.swift in Sources */ = {isa = PBXBuildFile; fileRef = 682531F31F62453D00B76250 /* Protocol_SwiftUITests.swift */; };
		682532021F6247F500B76250 /* ViewController_A.swift in Sources */ = {isa = PBXBuildFile; fileRef = 682532011F6247F500B76250 /* ViewController_A.swift */; };
		682532041F6247FF00B76250 /* ViewController_B.swift in Sources */ = {isa = PBXBuildFile; fileRef = 682532031F6247FF00B76250 /* ViewController_B.swift */; };
/* End PBXBuildFile section */

/* Begin PBXContainerItemProxy section */
		682531E51F62453D00B76250 /* PBXContainerItemProxy */ = {
			isa = PBXContainerItemProxy;
			containerPortal = 682531C81F62453D00B76250 /* Project object */;
			proxyType = 1;
			remoteGlobalIDString = 682531CF1F62453D00B76250;
			remoteInfo = "Protocol-Swift";
		};
		682531F01F62453D00B76250 /* PBXContainerItemProxy */ = {
			isa = PBXContainerItemProxy;
			containerPortal = 682531C81F62453D00B76250 /* Project object */;
			proxyType = 1;
			remoteGlobalIDString = 682531CF1F62453D00B76250;
			remoteInfo = "Protocol-Swift";
		};
/* End PBXContainerItemProxy section */

/* Begin PBXFileReference section */
		682531D01F62453D00B76250 /* Protocol-Swift.app */ = {isa = PBXFileReference; explicitFileType = wrapper.application; includeInIndex = 0; path = "Protocol-Swift.app"; sourceTree = BUILT_PRODUCTS_DIR; };
		682531D31F62453D00B76250 /* AppDelegate.swift */ = {isa = PBXFileReference; lastKnownFileType = sourcecode.swift; path = AppDelegate.swift; sourceTree = "<group>"; };
		682531D81F62453D00B76250 /* Base */ = {isa = PBXFileReference; lastKnownFileType = file.storyboard; name = Base; path = Base.lproj/Main.storyboard; sourceTree = "<group>"; };
		682531DA1F62453D00B76250 /* Assets.xcassets */ = {isa = PBXFileReference; lastKnownFileType = folder.assetcatalog; path = Assets.xcassets; sourceTree = "<group>"; };
		682531DD1F62453D00B76250 /* Base */ = {isa = PBXFileReference; lastKnownFileType = file.storyboard; name = Base; path = Base.lproj/LaunchScreen.storyboard; sourceTree = "<group>"; };
		682531DF1F62453D00B76250 /* Info.plist */ = {isa = PBXFileReference; lastKnownFileType = text.plist.xml; path = Info.plist; sourceTree = "<group>"; };
		682531E41F62453D00B76250 /* Protocol-SwiftTests.xctest */ = {isa = PBXFileReference; explicitFileType = wrapper.cfbundle; includeInIndex = 0; path = "Protocol-SwiftTests.xctest"; sourceTree = BUILT_PRODUCTS_DIR; };
		682531E81F62453D00B76250 /* Protocol_SwiftTests.swift */ = {isa = PBXFileReference; lastKnownFileType = sourcecode.swift; path = Protocol_SwiftTests.swift; sourceTree = "<group>"; };
		682531EA1F62453D00B76250 /* Info.plist */ = {isa = PBXFileReference; lastKnownFileType = text.plist.xml; path = Info.plist; sourceTree = "<group>"; };
		682531EF1F62453D00B76250 /* Protocol-SwiftUITests.xctest */ = {isa = PBXFileReference; explicitFileType = wrapper.cfbundle; includeInIndex = 0; path = "Protocol-SwiftUITests.xctest"; sourceTree = BUILT_PRODUCTS_DIR; };
		682531F31F62453D00B76250 /* Protocol_SwiftUITests.swift */ = {isa = PBXFileReference; lastKnownFileType = sourcecode.swift; path = Protocol_SwiftUITests.swift; sourceTree = "<group>"; };
		682531F51F62453D00B76250 /* Info.plist */ = {isa = PBXFileReference; lastKnownFileType = text.plist.xml; path = Info.plist; sourceTree = "<group>"; };
		682532011F6247F500B76250 /* ViewController_A.swift */ = {isa = PBXFileReference; fileEncoding = 4; lastKnownFileType = sourcecode.swift; path = ViewController_A.swift; sourceTree = "<group>"; };
		682532031F6247FF00B76250 /* ViewController_B.swift */ = {isa = PBXFileReference; fileEncoding = 4; lastKnownFileType = sourcecode.swift; path = ViewController_B.swift; sourceTree = "<group>"; };
/* End PBXFileReference section */

/* Begin PBXFrameworksBuildPhase section */
		682531CD1F62453D00B76250 /* Frameworks */ = {
			isa = PBXFrameworksBuildPhase;
			buildActionMask = 2147483647;
			files = (
			);
			runOnlyForDeploymentPostprocessing = 0;
		};
		682531E11F62453D00B76250 /* Frameworks */ = {
			isa = PBXFrameworksBuildPhase;
			buildActionMask = 2147483647;
			files = (
			);
			runOnlyForDeploymentPostprocessing = 0;
		};
		682531EC1F62453D00B76250 /* Frameworks */ = {
			isa = PBXFrameworksBuildPhase;
			buildActionMask = 2147483647;
			files = (
			);
			runOnlyForDeploymentPostprocessing = 0;
		};
/* End PBXFrameworksBuildPhase section */

/* Begin PBXGroup section */
		682531C71F62453D00B76250 = {
			isa = PBXGroup;
			children = (
				682531D21F62453D00B76250 /* Protocol-Swift */,
				682531E71F62453D00B76250 /* Protocol-SwiftTests */,
				682531F21F62453D00B76250 /* Protocol-SwiftUITests */,
				682531D11F62453D00B76250 /* Products */,
			);
			sourceTree = "<group>";
		};
		682531D11F62453D00B76250 /* Products */ = {
			isa = PBXGroup;
			children = (
				682531D01F62453D00B76250 /* Protocol-Swift.app */,
				682531E41F62453D00B76250 /* Protocol-SwiftTests.xctest */,
				682531EF1F62453D00B76250 /* Protocol-SwiftUITests.xctest */,
			);
			name = Products;
			sourceTree = "<group>";
		};
		682531D21F62453D00B76250 /* Protocol-Swift */ = {
			isa = PBXGroup;
			children = (
				682531D31F62453D00B76250 /* AppDelegate.swift */,
				682531D71F62453D00B76250 /* Main.storyboard */,
				682531DA1F62453D00B76250 /* Assets.xcassets */,
				682531DC1F62453D00B76250 /* LaunchScreen.storyboard */,
				682531DF1F62453D00B76250 /* Info.plist */,
				682532011F6247F500B76250 /* ViewController_A.swift */,
				682532031F6247FF00B76250 /* ViewController_B.swift */,
			);
			path = "Protocol-Swift";
			sourceTree = "<group>";
		};
		682531E71F62453D00B76250 /* Protocol-SwiftTests */ = {
			isa = PBXGroup;
			children = (
				682531E81F62453D00B76250 /* Protocol_SwiftTests.swift */,
				682531EA1F62453D00B76250 /* Info.plist */,
			);
			path = "Protocol-SwiftTests";
			sourceTree = "<group>";
		};
		682531F21F62453D00B76250 /* Protocol-SwiftUITests */ = {
			isa = PBXGroup;
			children = (
				682531F31F62453D00B76250 /* Protocol_SwiftUITests.swift */,
				682531F51F62453D00B76250 /* Info.plist */,
			);
			path = "Protocol-SwiftUITests";
			sourceTree = "<group>";
		};
/* End PBXGroup section */

/* Begin PBXNativeTarget section */
		682531CF1F62453D00B76250 /* Protocol-Swift */ = {
			isa = PBXNativeTarget;
			buildConfigurationList = 682531F81F62453D00B76250 /* Build configuration list for PBXNativeTarget "Protocol-Swift" */;
			buildPhases = (
				682531CC1F62453D00B76250 /* Sources */,
				682531CD1F62453D00B76250 /* Frameworks */,
				682531CE1F62453D00B76250 /* Resources */,
			);
			buildRules = (
			);
			dependencies = (
			);
			name = "Protocol-Swift";
			productName = "Protocol-Swift";
			productReference = 682531D01F62453D00B76250 /* Protocol-Swift.app */;
			productType = "com.apple.product-type.application";
		};
		682531E31F62453D00B76250 /* Protocol-SwiftTests */ = {
			isa = PBXNativeTarget;
			buildConfigurationList = 682531FB1F62453D00B76250 /* Build configuration list for PBXNativeTarget "Protocol-SwiftTests" */;
			buildPhases = (
				682531E01F62453D00B76250 /* Sources */,
				682531E11F62453D00B76250 /* Frameworks */,
				682531E21F62453D00B76250 /* Resources */,
			);
			buildRules = (
			);
			dependencies = (
				682531E61F62453D00B76250 /* PBXTargetDependency */,
			);
			name = "Protocol-SwiftTests";
			productName = "Protocol-SwiftTests";
			productReference = 682531E41F62453D00B76250 /* Protocol-SwiftTests.xctest */;
			productType = "com.apple.product-type.bundle.unit-test";
		};
		682531EE1F62453D00B76250 /* Protocol-SwiftUITests */ = {
			isa = PBXNativeTarget;
			buildConfigurationList = 682531FE1F62453D00B76250 /* Build configuration list for PBXNativeTarget "Protocol-SwiftUITests" */;
			buildPhases = (
				682531EB1F62453D00B76250 /* Sources */,
				682531EC1F62453D00B76250 /* Frameworks */,
				682531ED1F62453D00B76250 /* Resources */,
			);
			buildRules = (
			);
			dependencies = (
				682531F11F62453D00B76250 /* PBXTargetDependency */,
			);
			name = "Protocol-SwiftUITests";
			productName = "Protocol-SwiftUITests";
			productReference = 682531EF1F62453D00B76250 /* Protocol-SwiftUITests.xctest */;
			productType = "com.apple.product-type.bundle.ui-testing";
		};
/* End PBXNativeTarget section */

/* Begin PBXProject section */
		682531C81F62453D00B76250 /* Project object */ = {
			isa = PBXProject;
			attributes = {
				LastSwiftUpdateCheck = 0830;
				LastUpgradeCheck = 0830;
				ORGANIZATIONNAME = iosDevCenters;
				TargetAttributes = {
					682531CF1F62453D00B76250 = {
						CreatedOnToolsVersion = 8.3;
						DevelopmentTeam = 69239AZER7;
						LastSwiftMigration = 0900;
						ProvisioningStyle = Automatic;
					};
					682531E31F62453D00B76250 = {
						CreatedOnToolsVersion = 8.3;
						ProvisioningStyle = Automatic;
						TestTargetID = 682531CF1F62453D00B76250;
					};
					682531EE1F62453D00B76250 = {
						CreatedOnToolsVersion = 8.3;
						ProvisioningStyle = Automatic;
						TestTargetID = 682531CF1F62453D00B76250;
					};
				};
			};
			buildConfigurationList = 682531CB1F62453D00B76250 /* Build configuration list for PBXProject "Protocol-Swift" */;
			compatibilityVersion = "Xcode 3.2";
			developmentRegion = English;
			hasScannedForEncodings = 0;
			knownRegions = (
				en,
				Base,
			);
			mainGroup = 682531C71F62453D00B76250;
			productRefGroup = 682531D11F62453D00B76250 /* Products */;
			projectDirPath = "";
			projectRoot = "";
			targets = (
				682531CF1F62453D00B76250 /* Protocol-Swift */,
				682531E31F62453D00B76250 /* Protocol-SwiftTests */,
				682531EE1F62453D00B76250 /* Protocol-SwiftUITests */,
			);
		};
/* End PBXProject section */

/* Begin PBXResourcesBuildPhase section */
		682531CE1F62453D00B76250 /* Resources */ = {
			isa = PBXResourcesBuildPhase;
			buildActionMask = 2147483647;
			files = (
				682531DE1F62453D00B76250 /* LaunchScreen.storyboard in Resources */,
				682531DB1F62453D00B76250 /* Assets.xcassets in Resources */,
				682531D91F62453D00B76250 /* Main.storyboard in Resources */,
			);
			runOnlyForDeploymentPostprocessing = 0;
		};
		682531E21F62453D00B76250 /* Resources */ = {
			isa = PBXResourcesBuildPhase;
			buildActionMask = 2147483647;
			files = (
			);
			runOnlyForDeploymentPostprocessing = 0;
		};
		682531ED1F62453D00B76250 /* Resources */ = {
			isa = PBXResourcesBuildPhase;
			buildActionMask = 2147483647;
			files = (
			);
			runOnlyForDeploymentPostprocessing = 0;
		};
/* End PBXResourcesBuildPhase section */

/* Begin PBXSourcesBuildPhase section */
		682531CC1F62453D00B76250 /* Sources */ = {
			isa = PBXSourcesBuildPhase;
			buildActionMask = 2147483647;
			files = (
				682532041F6247FF00B76250 /* ViewController_B.swift in Sources */,
				682532021F6247F500B76250 /* ViewController_A.swift in Sources */,
				682531D41F62453D00B76250 /* AppDelegate.swift in Sources */,
			);
			runOnlyForDeploymentPostprocessing = 0;
		};
		682531E01F62453D00B76250 /* Sources */ = {
			isa = PBXSourcesBuildPhase;
			buildActionMask = 2147483647;
			files = (
				682531E91F62453D00B76250 /* Protocol_SwiftTests.swift in Sources */,
			);
			runOnlyForDeploymentPostprocessing = 0;
		};
		682531EB1F62453D00B76250 /* Sources */ = {
			isa = PBXSourcesBuildPhase;
			buildActionMask = 2147483647;
			files = (
				682531F41F62453D00B76250 /* Protocol_SwiftUITests.swift in Sources */,
			);
			runOnlyForDeploymentPostprocessing = 0;
		};
/* End PBXSourcesBuildPhase section */

/* Begin PBXTargetDependency section */
		682531E61F62453D00B76250 /* PBXTargetDependency */ = {
			isa = PBXTargetDependency;
			target = 682531CF1F62453D00B76250 /* Protocol-Swift */;
			targetProxy = 682531E51F62453D00B76250 /* PBXContainerItemProxy */;
		};
		682531F11F62453D00B76250 /* PBXTargetDependency */ = {
			isa = PBXTargetDependency;
			target = 682531CF1F62453D00B76250 /* Protocol-Swift */;
			targetProxy = 682531F01F62453D00B76250 /* PBXContainerItemProxy */;
		};
/* End PBXTargetDependency section */

/* Begin PBXVariantGroup section */
		682531D71F62453D00B76250 /* Main.storyboard */ = {
			isa = PBXVariantGroup;
			children = (
				682531D81F62453D00B76250 /* Base */,
			);
			name = Main.storyboard;
			sourceTree = "<group>";
		};
		682531DC1F62453D00B76250 /* LaunchScreen.storyboard */ = {
			isa = PBXVariantGroup;
			children = (
				682531DD1F62453D00B76250 /* Base */,
			);
			name = LaunchScreen.storyboard;
			sourceTree = "<group>";
		};
/* End PBXVariantGroup section */

/* Begin XCBuildConfiguration section */
		682531F61F62453D00B76250 /* Debug */ = {
			isa = XCBuildConfiguration;
			buildSettings = {
				ALWAYS_SEARCH_USER_PATHS = NO;
				CLANG_ANALYZER_NONNULL = YES;
				CLANG_ANALYZER_NUMBER_OBJECT_CONVERSION = YES_AGGRESSIVE;
				CLANG_CXX_LANGUAGE_STANDARD = "gnu++0x";
				CLANG_CXX_LIBRARY = "libc++";
				CLANG_ENABLE_MODULES = YES;
				CLANG_ENABLE_OBJC_ARC = YES;
				CLANG_WARN_BOOL_CONVERSION = YES;
				CLANG_WARN_CONSTANT_CONVERSION = YES;
				CLANG_WARN_DIRECT_OBJC_ISA_USAGE = YES_ERROR;
				CLANG_WARN_DOCUMENTATION_COMMENTS = YES;
				CLANG_WARN_EMPTY_BODY = YES;
				CLANG_WARN_ENUM_CONVERSION = YES;
				CLANG_WARN_INFINITE_RECURSION = YES;
				CLANG_WARN_INT_CONVERSION = YES;
				CLANG_WARN_OBJC_ROOT_CLASS = YES_ERROR;
				CLANG_WARN_SUSPICIOUS_MOVE = YES;
				CLANG_WARN_UNREACHABLE_CODE = YES;
				CLANG_WARN__DUPLICATE_METHOD_MATCH = YES;
				"CODE_SIGN_IDENTITY[sdk=iphoneos*]" = "iPhone Developer";
				COPY_PHASE_STRIP = NO;
				DEBUG_INFORMATION_FORMAT = dwarf;
				ENABLE_STRICT_OBJC_MSGSEND = YES;
				ENABLE_TESTABILITY = YES;
				GCC_C_LANGUAGE_STANDARD = gnu99;
				GCC_DYNAMIC_NO_PIC = NO;
				GCC_NO_COMMON_BLOCKS = YES;
				GCC_OPTIMIZATION_LEVEL = 0;
				GCC_PREPROCESSOR_DEFINITIONS = (
					"DEBUG=1",
					"$(inherited)",
				);
				GCC_WARN_64_TO_32_BIT_CONVERSION = YES;
				GCC_WARN_ABOUT_RETURN_TYPE = YES_ERROR;
				GCC_WARN_UNDECLARED_SELECTOR = YES;
				GCC_WARN_UNINITIALIZED_AUTOS = YES_AGGRESSIVE;
				GCC_WARN_UNUSED_FUNCTION = YES;
				GCC_WARN_UNUSED_VARIABLE = YES;
				IPHONEOS_DEPLOYMENT_TARGET = 10.3;
				MTL_ENABLE_DEBUG_INFO = YES;
				ONLY_ACTIVE_ARCH = YES;
				SDKROOT = iphoneos;
				SWIFT_ACTIVE_COMPILATION_CONDITIONS = DEBUG;
				SWIFT_OPTIMIZATION_LEVEL = "-Onone";
				TARGETED_DEVICE_FAMILY = "1,2";
			};
			name = Debug;
		};
		682531F71F62453D00B76250 /* Release */ = {
			isa = XCBuildConfiguration;
			buildSettings = {
				ALWAYS_SEARCH_USER_PATHS = NO;
				CLANG_ANALYZER_NONNULL = YES;
				CLANG_ANALYZER_NUMBER_OBJECT_CONVERSION = YES_AGGRESSIVE;
				CLANG_CXX_LANGUAGE_STANDARD = "gnu++0x";
				CLANG_CXX_LIBRARY = "libc++";
				CLANG_ENABLE_MODULES = YES;
				CLANG_ENABLE_OBJC_ARC = YES;
				CLANG_WARN_BOOL_CONVERSION = YES;
				CLANG_WARN_CONSTANT_CONVERSION = YES;
				CLANG_WARN_DIRECT_OBJC_ISA_USAGE = YES_ERROR;
				CLANG_WARN_DOCUMENTATION_COMMENTS = YES;
				CLANG_WARN_EMPTY_BODY = YES;
				CLANG_WARN_ENUM_CONVERSION = YES;
				CLANG_WARN_INFINITE_RECURSION = YES;
				CLANG_WARN_INT_CONVERSION = YES;
				CLANG_WARN_OBJC_ROOT_CLASS = YES_ERROR;
				CLANG_WARN_SUSPICIOUS_MOVE = YES;
				CLANG_WARN_UNREACHABLE_CODE = YES;
				CLANG_WARN__DUPLICATE_METHOD_MATCH = YES;
				"CODE_SIGN_IDENTITY[sdk=iphoneos*]" = "iPhone Developer";
				COPY_PHASE_STRIP = NO;
				DEBUG_INFORMATION_FORMAT = "dwarf-with-dsym";
				ENABLE_NS_ASSERTIONS = NO;
				ENABLE_STRICT_OBJC_MSGSEND = YES;
				GCC_C_LANGUAGE_STANDARD = gnu99;
				GCC_NO_COMMON_BLOCKS = YES;
				GCC_WARN_64_TO_32_BIT_CONVERSION = YES;
				GCC_WARN_ABOUT_RETURN_TYPE = YES_ERROR;
				GCC_WARN_UNDECLARED_SELECTOR = YES;
				GCC_WARN_UNINITIALIZED_AUTOS = YES_AGGRESSIVE;
				GCC_WARN_UNUSED_FUNCTION = YES;
				GCC_WARN_UNUSED_VARIABLE = YES;
				IPHONEOS_DEPLOYMENT_TARGET = 10.3;
				MTL_ENABLE_DEBUG_INFO = NO;
				SDKROOT = iphoneos;
				SWIFT_OPTIMIZATION_LEVEL = "-Owholemodule";
				TARGETED_DEVICE_FAMILY = "1,2";
				VALIDATE_PRODUCT = YES;
			};
			name = Release;
		};
		682531F91F62453D00B76250 /* Debug */ = {
			isa = XCBuildConfiguration;
			buildSettings = {
				ASSETCATALOG_COMPILER_APPICON_NAME = AppIcon;
				DEVELOPMENT_TEAM = 69239AZER7;
				INFOPLIST_FILE = "Protocol-Swift/Info.plist";
				LD_RUNPATH_SEARCH_PATHS = "$(inherited) @executable_path/Frameworks";
				PRODUCT_BUNDLE_IDENTIFIER = "iosDevCenters.Protocol-Swift";
				PRODUCT_NAME = "$(TARGET_NAME)";
				SWIFT_SWIFT3_OBJC_INFERENCE = On;
				SWIFT_VERSION = 4.0;
			};
			name = Debug;
		};
		682531FA1F62453D00B76250 /* Release */ = {
			isa = XCBuildConfiguration;
			buildSettings = {
				ASSETCATALOG_COMPILER_APPICON_NAME = AppIcon;
				DEVELOPMENT_TEAM = 69239AZER7;
				INFOPLIST_FILE = "Protocol-Swift/Info.plist";
				LD_RUNPATH_SEARCH_PATHS = "$(inherited) @executable_path/Frameworks";
				PRODUCT_BUNDLE_IDENTIFIER = "iosDevCenters.Protocol-Swift";
				PRODUCT_NAME = "$(TARGET_NAME)";
				SWIFT_SWIFT3_OBJC_INFERENCE = On;
				SWIFT_VERSION = 4.0;
			};
			name = Release;
		};
		682531FC1F62453D00B76250 /* Debug */ = {
			isa = XCBuildConfiguration;
			buildSettings = {
				ALWAYS_EMBED_SWIFT_STANDARD_LIBRARIES = YES;
				BUNDLE_LOADER = "$(TEST_HOST)";
				INFOPLIST_FILE = "Protocol-SwiftTests/Info.plist";
				LD_RUNPATH_SEARCH_PATHS = "$(inherited) @executable_path/Frameworks @loader_path/Frameworks";
				PRODUCT_BUNDLE_IDENTIFIER = "iosDevCenters.Protocol-SwiftTests";
				PRODUCT_NAME = "$(TARGET_NAME)";
				SWIFT_VERSION = 3.0;
				TEST_HOST = "$(BUILT_PRODUCTS_DIR)/Protocol-Swift.app/Protocol-Swift";
			};
			name = Debug;
		};
		682531FD1F62453D00B76250 /* Release */ = {
			isa = XCBuildConfiguration;
			buildSettings = {
				ALWAYS_EMBED_SWIFT_STANDARD_LIBRARIES = YES;
				BUNDLE_LOADER = "$(TEST_HOST)";
				INFOPLIST_FILE = "Protocol-SwiftTests/Info.plist";
				LD_RUNPATH_SEARCH_PATHS = "$(inherited) @executable_path/Frameworks @loader_path/Frameworks";
				PRODUCT_BUNDLE_IDENTIFIER = "iosDevCenters.Protocol-SwiftTests";
				PRODUCT_NAME = "$(TARGET_NAME)";
				SWIFT_VERSION = 3.0;
				TEST_HOST = "$(BUILT_PRODUCTS_DIR)/Protocol-Swift.app/Protocol-Swift";
			};
			name = Release;
		};
		682531FF1F62453D00B76250 /* Debug */ = {
			isa = XCBuildConfiguration;
			buildSettings = {
				ALWAYS_EMBED_SWIFT_STANDARD_LIBRARIES = YES;
				INFOPLIST_FILE = "Protocol-SwiftUITests/Info.plist";
				LD_RUNPATH_SEARCH_PATHS = "$(inherited) @executable_path/Frameworks @loader_path/Frameworks";
				PRODUCT_BUNDLE_IDENTIFIER = "iosDevCenters.Protocol-SwiftUITests";
				PRODUCT_NAME = "$(TARGET_NAME)";
				SWIFT_VERSION = 3.0;
				TEST_TARGET_NAME = "Protocol-Swift";
			};
			name = Debug;
		};
		682532001F62453D00B76250 /* Release */ = {
			isa = XCBuildConfiguration;
			buildSettings = {
				ALWAYS_EMBED_SWIFT_STANDARD_LIBRARIES = YES;
				INFOPLIST_FILE = "Protocol-SwiftUITests/Info.plist";
				LD_RUNPATH_SEARCH_PATHS = "$(inherited) @executable_path/Frameworks @loader_path/Frameworks";
				PRODUCT_BUNDLE_IDENTIFIER = "iosDevCenters.Protocol-SwiftUITests";
				PRODUCT_NAME = "$(TARGET_NAME)";
				SWIFT_VERSION = 3.0;
				TEST_TARGET_NAME = "Protocol-Swift";
			};
			name = Release;
		};
/* End XCBuildConfiguration section */

/* Begin XCConfigurationList section */
		682531CB1F62453D00B76250 /* Build configuration list for PBXProject "Protocol-Swift" */ = {
			isa = XCConfigurationList;
			buildConfigurations = (
				682531F61F62453D00B76250 /* Debug */,
				682531F71F62453D00B76250 /* Release */,
			);
			defaultConfigurationIsVisible = 0;
			defaultConfigurationName = Release;
		};
		682531F81F62453D00B76250 /* Build configuration list for PBXNativeTarget "Protocol-Swift" */ = {
			isa = XCConfigurationList;
			buildConfigurations = (
				682531F91F62453D00B76250 /* Debug */,
				682531FA1F62453D00B76250 /* Release */,
			);
			defaultConfigurationIsVisible = 0;
			defaultConfigurationName = Release;
		};
		682531FB1F62453D00B76250 /* Build configuration list for PBXNativeTarget "Protocol-SwiftTests" */ = {
			isa = XCConfigurationList;
			buildConfigurations = (
				682531FC1F62453D00B76250 /* Debug */,
				682531FD1F62453D00B76250 /* Release */,
			);
			defaultConfigurationIsVisible = 0;
			defaultConfigurationName = Release;
		};
		682531FE1F62453D00B76250 /* Build configuration list for PBXNativeTarget "Protocol-SwiftUITests" */ = {
			isa = XCConfigurationList;
			buildConfigurations = (
				682531FF1F62453D00B76250 /* Debug */,
				682532001F62453D00B76250 /* Release */,
			);
			defaultConfigurationIsVisible = 0;
			defaultConfigurationName = Release;
		};
/* End XCConfigurationList section */
	};
	rootObject = 682531C81F62453D00B76250 /* Project object */;
}
